
Microsoft Visual Studio Solution File, Format Version 12.00
# Visual Studio Version 16
VisualStudioVersion = 16.0.31829.152
MinimumVisualStudioVersion = 10.0.40219.1
Project("{FAE04EC0-301F-11D3-BF4B-00C04F79EFBC}") = "HeadshotTime", "HeadshotTime\HeadshotTime.csproj", "{5E392257-9B08-4E5E-8ED3-9FF143A25CCF}"
EndProject
Global
	GlobalSection(SolutionConfigurationPlatforms) = preSolution
		Debug|Any CPU = Debug|Any CPU
		Release|Any CPU = Release|Any CPU
	EndGlobalSection
	GlobalSection(ProjectConfigurationPlatforms) = postSolution
		{5E392257-9B08-4E5E-8ED3-9FF143A25CCF}.Debug|Any CPU.ActiveCfg = Debug|Any CPU
		{5E392257-9B08-4E5E-8ED3-9FF143A25CCF}.Debug|Any CPU.Build.0 = Debug|Any CPU
		{5E392257-9B08-4E5E-8ED3-9FF143A25CCF}.Release|Any CPU.ActiveCfg = Release|Any CPU
		{5E392257-9B08-4E5E-8ED3-9FF143A25CCF}.Release|Any CPU.Build.0 = Release|Any CPU
	EndGlobalSection
	GlobalSection(SolutionProperties) = preSolution
		HideSolutionNode = FALSE
	EndGlobalSection
	GlobalSection(ExtensibilityGlobals) = postSolution
		SolutionGuid = {790006B6-DE97-49CD-BBEC-2B577BC2AF96}
	EndGlobalSection
EndGlobal
